
Microsoft Visual Studio Solution File, Format Version 12.00
Project("{FAE04EC0-301F-11D3-BF4B-00C04F79EFBC}") = "function3", "function3\function3.csproj", "{59BF5B90-FC44-4A9C-8BEB-D09F78AA7DD5}"
EndProject
Global
	GlobalSection(SolutionConfigurationPlatforms) = preSolution
		Debug|Any CPU = Debug|Any CPU
		Release|Any CPU = Release|Any CPU
	EndGlobalSection
	GlobalSection(ProjectConfigurationPlatforms) = postSolution
		{59BF5B90-FC44-4A9C-8BEB-D09F78AA7DD5}.Debug|Any CPU.ActiveCfg = Debug|Any CPU
		{59BF5B90-FC44-4A9C-8BEB-D09F78AA7DD5}.Debug|Any CPU.Build.0 = Debug|Any CPU
		{59BF5B90-FC44-4A9C-8BEB-D09F78AA7DD5}.Release|Any CPU.ActiveCfg = Release|Any CPU
		{59BF5B90-FC44-4A9C-8BEB-D09F78AA7DD5}.Release|Any CPU.Build.0 = Release|Any CPU
	EndGlobalSection
EndGlobal
